
Microsoft Visual Studio Solution File, Format Version 12.00
# Visual Studio Version 16
VisualStudioVersion = 16.0.28917.182
MinimumVisualStudioVersion = 10.0.40219.1
Project("{FAE04EC0-301F-11D3-BF4B-00C04F79EFBC}") = "SfListViewTest.Android", "SfListViewTest\SfListViewTest.Android\SfListViewTest.Android.csproj", "{A852E4B3-F985-4305-B476-F4C2A603A984}"
EndProject
Project("{9A19103F-16F7-4668-BE54-9A1E7A4F7556}") = "SfListViewTest", "SfListViewTest\SfListViewTest\SfListViewTest.csproj", "{7710BCD1-A071-4E10-837E-CC059B9AEED5}"
EndProject
Project("{2150E333-8FDC-42A3-9474-1A3956D46DE8}") = "Solution Items", "Solution Items", "{F09D4285-F9AD-4F4C-B40D-B4AD4DE1FFD3}"
EndProject
Global
	GlobalSection(SolutionConfigurationPlatforms) = preSolution
		Debug|Any CPU = Debug|Any CPU
		Release|Any CPU = Release|Any CPU
	EndGlobalSection
	GlobalSection(ProjectConfigurationPlatforms) = postSolution
		{A852E4B3-F985-4305-B476-F4C2A603A984}.Debug|Any CPU.ActiveCfg = Debug|Any CPU
		{A852E4B3-F985-4305-B476-F4C2A603A984}.Debug|Any CPU.Build.0 = Debug|Any CPU
		{A852E4B3-F985-4305-B476-F4C2A603A984}.Debug|Any CPU.Deploy.0 = Debug|Any CPU
		{A852E4B3-F985-4305-B476-F4C2A603A984}.Release|Any CPU.ActiveCfg = Release|Any CPU
		{A852E4B3-F985-4305-B476-F4C2A603A984}.Release|Any CPU.Build.0 = Release|Any CPU
		{A852E4B3-F985-4305-B476-F4C2A603A984}.Release|Any CPU.Deploy.0 = Release|Any CPU
		{7710BCD1-A071-4E10-837E-CC059B9AEED5}.Debug|Any CPU.ActiveCfg = Debug|Any CPU
		{7710BCD1-A071-4E10-837E-CC059B9AEED5}.Debug|Any CPU.Build.0 = Debug|Any CPU
		{7710BCD1-A071-4E10-837E-CC059B9AEED5}.Debug|Any CPU.Deploy.0 = Debug|Any CPU
		{7710BCD1-A071-4E10-837E-CC059B9AEED5}.Release|Any CPU.ActiveCfg = Release|Any CPU
		{7710BCD1-A071-4E10-837E-CC059B9AEED5}.Release|Any CPU.Build.0 = Release|Any CPU
		{7710BCD1-A071-4E10-837E-CC059B9AEED5}.Release|Any CPU.Deploy.0 = Release|Any CPU
	EndGlobalSection
	GlobalSection(SolutionProperties) = preSolution
		HideSolutionNode = FALSE
	EndGlobalSection
	GlobalSection(ExtensibilityGlobals) = postSolution
		SolutionGuid = {912EB707-FCEC-4E58-B166-F6CB70E4FB24}
	EndGlobalSection
EndGlobal
